{
  "lockfileVersion": 1,
  "configVersion": 1,
  "workspaces": {
    "": {
      "name": "factorio-ai-companion",
      "dependencies": {
        "@modelcontextprotocol/server": "2.0.0",
        "@openai/codex": "0.154.0",
        "zod": "4.3.5",
      },
      "devDependencies": {
        "@modelcontextprotocol/client": "2.0.0",
        "@playwright/test": "1.63.0",
        "@types/bun": "1.3.6",
        "@types/luaparse": "0.2.13",
        "@types/node": "25.0.9",
        "fflate": "0.8.3",
        "lefthook": "2.1.12",
        "luaparse": "0.3.1",
        "prettier": "3.9.6",
        "typescript": "5.9.3",
      },
    },
  },
  "packages": {
    "@modelcontextprotocol/client": ["@modelcontextprotocol/client@2.0.0", "", { "dependencies": { "@modelcontextprotocol/core": "2.0.0", "cross-spawn": "^7.0.5", "eventsource": "^3.0.2", "eventsource-parser": "^3.0.0", "jose": "^6.1.3", "pkce-challenge": "^5.0.0", "zod": "^4.2.0" } }, "sha512-8f1OghQ2rjzIOfqgUCP+8GiUWqRs89njoWLNqAe8kWmDePv3s1fZXseej+QXemssEuuOvLLmLO/kqM3IQHtISw=="],

    "@modelcontextprotocol/core": ["@modelcontextprotocol/core@2.0.0", "", { "dependencies": { "zod": "^4.2.0" } }, "sha512-pJCEwGG7Lfr/+PQp9ZTwKXNeO5wzbfKL7H3MYpCorM4oFBoQrdjnBgEoqG+RjhsvS1FKrDbKux+M1HhlnGWqcA=="],

    "@modelcontextprotocol/server": ["@modelcontextprotocol/server@2.0.0", "", { "dependencies": { "@modelcontextprotocol/core": "2.0.0", "zod": "^4.2.0" } }, "sha512-YhHWdHfpFMQfd0prsEnxKeS3Qz3ytIGmsS0sth4KDjnacIT7hxk6hXHkJ9KysxlkvTM+WZAtQbbcUhdoP4Hvtw=="],

    "@openai/codex": ["@openai/codex@0.154.0", "", { "optionalDependencies": { "@openai/codex-darwin-arm64": "npm:@openai/codex@0.154.0-darwin-arm64", "@openai/codex-darwin-x64": "npm:@openai/codex@0.154.0-darwin-x64", "@openai/codex-linux-arm64": "npm:@openai/codex@0.154.0-linux-arm64", "@openai/codex-linux-x64": "npm:@openai/codex@0.154.0-linux-x64", "@openai/codex-win32-arm64": "npm:@openai/codex@0.154.0-win32-arm64", "@openai/codex-win32-x64": "npm:@openai/codex@0.154.0-win32-x64" }, "bin": { "codex": "bin/codex.js" } }, "sha512-FV/x1OHXYv/ifjf3mXj9ThTTAWcUZN6cGIRQRhRxkKNOPuImu1WW0c8ev1vUkE9XGH90dEnYG1tBjIkxRikg0w=="],

    "@openai/codex-darwin-arm64": ["@openai/codex@0.154.0-darwin-arm64", "", { "os": "darwin", "cpu": "arm64" }, "sha512-HP/vJCH/t2hB9Kg6hotN9UglClJ6/z584fal5lEP14C9gNAgAQS4/kTQC7l5V+BA3TqwDPwINSjul28cX8AYXg=="],

    "@openai/codex-darwin-x64": ["@openai/codex@0.154.0-darwin-x64", "", { "os": "darwin", "cpu": "x64" }, "sha512-2aqz+72Hop8PF2RYglQ4JnGjm3OlRIrTykJIT0hyLeUgM6NCFy09RgTmqRCoWliKQZjEn9jjZqUEp7QujAj77g=="],

    "@openai/codex-linux-arm64": ["@openai/codex@0.154.0-linux-arm64", "", { "os": "linux", "cpu": "arm64" }, "sha512-KmTCB6ST484zeYlPpKP/K5P/gRaYmt6TihVD+zotoe6O9q0JSBP+FYvCz4A/zZXR7xDOHURTSjHp0sD8wWS0YQ=="],

    "@openai/codex-linux-x64": ["@openai/codex@0.154.0-linux-x64", "", { "os": "linux", "cpu": "x64" }, "sha512-a4FI3A8sGtwGrOqltrPbrS2hajrHQG591EwmRfiRoLMb10VxdBtUGW4gu6IJVYENiYGA7k3P4jlRHEoCZU/s9Q=="],

    "@openai/codex-win32-arm64": ["@openai/codex@0.154.0-win32-arm64", "", { "os": "win32", "cpu": "arm64" }, "sha512-CRUmZnE0Y/a8aLMrrA681EytOGaPaF659wJAiI4I3hsbQjaeYBSPV7PkCjy4Qn5LR/fmwIUORVH+6JaBNQL+tw=="],

    "@openai/codex-win32-x64": ["@openai/codex@0.154.0-win32-x64", "", { "os": "win32", "cpu": "x64" }, "sha512-Stg2KEJPIKVqPPR1wCverGOR4ey3RR3cvakR07w7FNKQUMzmHaOZomRsP2bR1qOT/67yHsks9rB+MCMfIWXcRA=="],

    "@playwright/test": ["@playwright/test@1.63.0", "", { "dependencies": { "playwright": "1.63.0" }, "bin": { "playwright": "cli.js" } }, "sha512-oxMK4vllB9RK5NQ2l1pq1IfOf2AvnEuj/vYGDj0H2nMtmtZpKtCwt/l00GEO6xjGfpBNAvjovvYdCm50dRQkpQ=="],

    "@types/bun": ["@types/bun@1.3.6", "", { "dependencies": { "bun-types": "1.3.6" } }, "sha512-uWCv6FO/8LcpREhenN1d1b6fcspAB+cefwD7uti8C8VffIv0Um08TKMn98FynpTiU38+y2dUO55T11NgDt8VAA=="],

    "@types/luaparse": ["@types/luaparse@0.2.13", "", {}, "sha512-nWs2m9b/zrMcAA2Rs+wTxdIsBkSYMo0+6ko8mpeqS5dhchU3hQN9kZGcSw96n497Vc7kGpDLtSicjdpaUrRAkw=="],

    "@types/node": ["@types/node@25.0.9", "", { "dependencies": { "undici-types": "~7.16.0" } }, "sha512-/rpCXHlCWeqClNBwUhDcusJxXYDjZTyE8v5oTO7WbL8eij2nKhUeU89/6xgjU7N4/Vh3He0BtyhJdQbDyhiXAw=="],

    "bun-types": ["bun-types@1.3.6", "", { "dependencies": { "@types/node": "*" } }, "sha512-OlFwHcnNV99r//9v5IIOgQ9Uk37gZqrNMCcqEaExdkVq3Avwqok1bJFmvGMCkCE0FqzdY8VMOZpfpR3lwI+CsQ=="],

    "cross-spawn": ["cross-spawn@7.0.6", "", { "dependencies": { "path-key": "^3.1.0", "shebang-command": "^2.0.0", "which": "^2.0.1" } }, "sha512-uV2QOWP2nWzsy2aMp8aRibhi9dlzF5Hgh5SHaB9OiTGEyDTiJJyx0uy51QXdyWbtAHNua4XJzUKca3OzKUd3vA=="],

    "eventsource": ["eventsource@3.0.7", "", { "dependencies": { "eventsource-parser": "^3.0.1" } }, "sha512-CRT1WTyuQoD771GW56XEZFQ/ZoSfWid1alKGDYMmkt2yl8UXrVR4pspqWNEcqKvVIzg6PAltWjxcSSPrboA4iA=="],

    "eventsource-parser": ["eventsource-parser@3.1.1", "", {}, "sha512-EKN1vKAMcZ8MlYMpaNuxN6R9yakzH6uajHcHVTqWJzvu5pWw9DyhbP35HH8MVBQ+dZjAfDxk+A8NiR9KWaXiyQ=="],

    "fflate": ["fflate@0.8.3", "", {}, "sha512-tbZNuJrLwGUp3zshBtdy4W+ORxZuIh8a5ilyIEQDC5rY1f3U20JMry0Ll3WBzU58EZKsEuJFXhb5gwv8CsPvgA=="],

    "isexe": ["isexe@2.0.0", "", {}, "sha512-RHxMLp9lnKHGHRng9QFhRCMbYAcVpn69smSGcq3f36xjgVVWThj4qqLbTLlq7Ssj8B+fIQ1EuCEGI2lKsyQeIw=="],

    "jose": ["jose@6.2.12", "", {}, "sha512-9NiFmJEex0sy2Dk58j2UGBSHgUs2ypF9eZSu4L6vjOX3Dp96Sw1F3uL+H+D1sx02jZZdzUT0HgvCy59CuvXcWw=="],

    "lefthook": ["lefthook@2.1.12", "", { "optionalDependencies": { "lefthook-darwin-arm64": "2.1.12", "lefthook-darwin-x64": "2.1.12", "lefthook-freebsd-arm64": "2.1.12", "lefthook-freebsd-x64": "2.1.12", "lefthook-linux-arm64": "2.1.12", "lefthook-linux-x64": "2.1.12", "lefthook-openbsd-arm64": "2.1.12", "lefthook-openbsd-x64": "2.1.12", "lefthook-windows-arm64": "2.1.12", "lefthook-windows-x64": "2.1.12" }, "bin": { "lefthook": "bin/index.js" } }, "sha512-2uOexfsrrRhCiTUWdGyDySxVHHhOFJ8MQejs27dM3hugrQB48/z1ZVlaNoxpZ1SnzQ1GaDIbO5rAvicwyiknYQ=="],

    "lefthook-darwin-arm64": ["lefthook-darwin-arm64@2.1.12", "", { "os": "darwin", "cpu": "arm64" }, "sha512-GSUjqaCuxAYlPOovbjXEWE3HAIa/xOQkTTmZ937zieQldjPLTaC7+s5FHoxKywn+D9riBlofkDqG7Z4f5zzmPA=="],

    "lefthook-darwin-x64": ["lefthook-darwin-x64@2.1.12", "", { "os": "darwin", "cpu": "x64" }, "sha512-qAUHSSw/7Afi5wxkoLkxORxSicCeTBXyVLnRgD6YZra6udviozpK3Aok9Z6FIWeKc5FBijRMSNDxGPTREhsjcQ=="],

    "lefthook-freebsd-arm64": ["lefthook-freebsd-arm64@2.1.12", "", { "os": "freebsd", "cpu": "arm64" }, "sha512-FHZRfKliFNbyz54zsoGdVe9muq67cNjBTZ6jrPPUjI7xUuyCwSpzA+1OpiwJT00L9pP5ZGONBqnGZKnrpC+7Uw=="],

    "lefthook-freebsd-x64": ["lefthook-freebsd-x64@2.1.12", "", { "os": "freebsd", "cpu": "x64" }, "sha512-HYQZPGy2DDEx7dbuotusJpujY5q9igOLgx36qeeQcNQuvvdGHPj2ZGSIsGKhoJ0dw5Qa4knKJoPAHEZQWdV/og=="],

    "lefthook-linux-arm64": ["lefthook-linux-arm64@2.1.12", "", { "os": "linux", "cpu": "arm64" }, "sha512-ipjOri2PB/sk4noPrHQuM5fcpNBjmlKo4qMtXyLnxeOxGYHWZzf0Xi0OtrXHQ//tOprcv40ADvhUuSdcGqigLw=="],

    "lefthook-linux-x64": ["lefthook-linux-x64@2.1.12", "", { "os": "linux", "cpu": "x64" }, "sha512-DmU6xfvqVoFdW+STyc70YI4Ry8vkHGKHx+IJ1Js/Gacq5dv+fiwNzwle3bi28EkL6P8xY67B/CfQfRj4SRU4tg=="],

    "lefthook-openbsd-arm64": ["lefthook-openbsd-arm64@2.1.12", "", { "os": "openbsd", "cpu": "arm64" }, "sha512-vb0J7bElLvoaCWQmna3HntsvoNqMsGAhfjjC99ss1OdCteufZKM3RxCVoMBEbD50Itv2c1Ua2AFVToltVFTy1Q=="],

    "lefthook-openbsd-x64": ["lefthook-openbsd-x64@2.1.12", "", { "os": "openbsd", "cpu": "x64" }, "sha512-QOmhDWqPPK4+99scanfEmbJjUR+JYC93qhr/0bp5Dj3LaR3kVFNWc6zOQUsOTPy/LC6PG759Lej/mr/BtjUL2Q=="],

    "lefthook-windows-arm64": ["lefthook-windows-arm64@2.1.12", "", { "os": "win32", "cpu": "arm64" }, "sha512-eErEyr9AHkRFj6TxpCQeKGd0s6IrtL/VEIZ/ssg8dNfG+ycR4jAW/IAlrJSw6/ZQXb3WtWLaQ6QA5c+TLh7vmg=="],

    "lefthook-windows-x64": ["lefthook-windows-x64@2.1.12", "", { "os": "win32", "cpu": "x64" }, "sha512-0h+WmDVdDriTjloD/UbjPq/ZtqaaJlPAdGcVwMCEdAxfbF0FTgDbKX3igui9g2U/qG2y6QpVhtz1jeiRe7ctaw=="],

    "luaparse": ["luaparse@0.3.1", "", { "bin": { "luaparse": "bin/luaparse" } }, "sha512-b21h2bFEbtGXmVqguHogbyrMAA0wOHyp9u/rx+w6Yc9pW1t9YjhGUsp87lYcp7pFRqSWN/PhFkrdIqKEUzRjjQ=="],

    "path-key": ["path-key@3.1.1", "", {}, "sha512-ojmeN0qd+y0jszEtoY48r0Peq5dwMEkIlCOu6Q5f41lfkswXuKtYrhgoTpLnyIcHm24Uhqx+5Tqm2InSwLhE6Q=="],

    "pkce-challenge": ["pkce-challenge@5.0.1", "", {}, "sha512-wQ0b/W4Fr01qtpHlqSqspcj3EhBvimsdh0KlHhH8HRZnMsEa0ea2fTULOXOS9ccQr3om+GcGRk4e+isrZWV8qQ=="],

    "playwright": ["playwright@1.63.0", "", { "dependencies": { "playwright-core": "1.63.0" }, "bin": { "playwright": "cli.js" } }, "sha512-+7ziBLidS4NaNCdt57SUDT+wYmmd5fmiQejUic/kb+YsYSCPyOOE9sebzMjNmQrsnNpDJqd4WHvV/8lfKfUDUg=="],

    "playwright-core": ["playwright-core@1.63.0", "", { "bin": { "playwright-core": "cli.js" } }, "sha512-rYCsBF/M5HjUch52bbtVONEFjv6Xu8sm8h72dNlR5bzIE1fvC/bxgspzkjSfU+MweEMmPM8KJebG6nnyxo5mCg=="],

    "prettier": ["prettier@3.9.6", "", { "bin": { "prettier": "bin/prettier.cjs" } }, "sha512-OpN0zzVdiaiAhxpuuj5efpIS4sY9j7bY6uR5mnj5yPzGkdkjNKSJeUThPb60Jw29QuAZgA4o+/iB49kFiaBX6g=="],

    "shebang-command": ["shebang-command@2.0.0", "", { "dependencies": { "shebang-regex": "^3.0.0" } }, "sha512-kHxr2zZpYtdmrN1qDjrrX/Z1rR1kG8Dx+gkpK1G4eXmvXswmcE1hTWBWYUzlraYw1/yZp6YuDY77YtvbN0dmDA=="],

    "shebang-regex": ["shebang-regex@3.0.0", "", {}, "sha512-7++dFhtcx3353uBaq8DDR4NuxBetBzC7ZQOhmTQInHEd6bSrXdiEyzCvG07Z44UYdLShWUyXt5M/yhz8ekcb1A=="],

    "typescript": ["typescript@5.9.3", "", { "bin": { "tsc": "bin/tsc", "tsserver": "bin/tsserver" } }, "sha512-jl1vZzPDinLr9eUt3J/t7V6FgNEw9QjvBPdysz9KfQDD41fQrC2Y4vKQdiaUpFT4bXlb1RHhLpp8wtm6M5TgSw=="],

    "undici-types": ["undici-types@7.16.0", "", {}, "sha512-Zz+aZWSj8LE6zoxD+xrjh4VfkIG8Ya6LvYkZqtUQGJPZjYl53ypCaUwWqo7eI0x66KBGeRo+mlBEkMSeSZ38Nw=="],

    "which": ["which@2.0.2", "", { "dependencies": { "isexe": "^2.0.0" }, "bin": { "node-which": "./bin/node-which" } }, "sha512-BLI3Tl1TW3Pvl70l3yq3Y64i+awpwXqsGBYWkkqMtnbXgrMD+yj7rhW0kuEDxzJaYXGjEW5ogapKNMEKNMjibA=="],

    "zod": ["zod@4.3.5", "", {}, "sha512-k7Nwx6vuWx1IJ9Bjuf4Zt1PEllcwe7cls3VNzm4CQ1/hgtFUK2bRNG3rvnpPUhFjmqJKAKtjV576KnUkHocg/g=="],
  }
}
